// !$*UTF8*$!
{
	archiveVersion = 1;
	classes = {
	};
	objectVersion = 46;
	objects = {

/* Begin PBXBuildFile section */
		89AF4C3B1EDEFF680013A9F8 /* AppDelegate.swift in Sources */ = {isa = PBXBuildFile; fileRef = 89AF4C3A1EDEFF680013A9F8 /* AppDelegate.swift */; };
		89AF4C3D1EDEFF680013A9F8 /* ViewController.swift in Sources */ = {isa = PBXBuildFile; fileRef = 89AF4C3C1EDEFF680013A9F8 /* ViewController.swift */; };
		89AF4C401EDEFF680013A9F8 /* Main.storyboard in Resources */ = {isa = PBXBuildFile; fileRef = 89AF4C3E1EDEFF680013A9F8 /* Main.storyboard */; };
		89AF4C421EDEFF680013A9F8 /* Assets.xcassets in Resources */ = {isa = PBXBuildFile; fileRef = 89AF4C411EDEFF680013A9F8 /* Assets.xcassets */; };
		89AF4C451EDEFF680013A9F8 /* LaunchScreen.storyboard in Resources */ = {isa = PBXBuildFile; fileRef = 89AF4C431EDEFF680013A9F8 /* LaunchScreen.storyboard */; };
		89AF4C501EDEFF680013A9F8 /* ScribeTests.swift in Sources */ = {isa = PBXBuildFile; fileRef = 89AF4C4F1EDEFF680013A9F8 /* ScribeTests.swift */; };
		89AF4C5E1EDF07A10013A9F8 /* CircleButton.swift in Sources */ = {isa = PBXBuildFile; fileRef = 89AF4C5D1EDF07A10013A9F8 /* CircleButton.swift */; };
		89AF4C611EDF0CDC0013A9F8 /* test.m4a in Resources */ = {isa = PBXBuildFile; fileRef = 89AF4C601EDF0CDC0013A9F8 /* test.m4a */; };
/* End PBXBuildFile section */

/* Begin PBXContainerItemProxy section */
		89AF4C4C1EDEFF680013A9F8 /* PBXContainerItemProxy */ = {
			isa = PBXContainerItemProxy;
			containerPortal = 89AF4C2F1EDEFF680013A9F8 /* Project object */;
			proxyType = 1;
			remoteGlobalIDString = 89AF4C361EDEFF680013A9F8;
			remoteInfo = Scribe;
		};
/* End PBXContainerItemProxy section */

/* Begin PBXFileReference section */
		89AF4C371EDEFF680013A9F8 /* Scribe.app */ = {isa = PBXFileReference; explicitFileType = wrapper.application; includeInIndex = 0; path = Scribe.app; sourceTree = BUILT_PRODUCTS_DIR; };
		89AF4C3A1EDEFF680013A9F8 /* AppDelegate.swift */ = {isa = PBXFileReference; lastKnownFileType = sourcecode.swift; path = AppDelegate.swift; sourceTree = "<group>"; };
		89AF4C3C1EDEFF680013A9F8 /* ViewController.swift */ = {isa = PBXFileReference; lastKnownFileType = sourcecode.swift; path = ViewController.swift; sourceTree = "<group>"; };
		89AF4C3F1EDEFF680013A9F8 /* Base */ = {isa = PBXFileReference; lastKnownFileType = file.storyboard; name = Base; path = Base.lproj/Main.storyboard; sourceTree = "<group>"; };
		89AF4C411EDEFF680013A9F8 /* Assets.xcassets */ = {isa = PBXFileReference; lastKnownFileType = folder.assetcatalog; path = Assets.xcassets; sourceTree = "<group>"; };
		89AF4C441EDEFF680013A9F8 /* Base */ = {isa = PBXFileReference; lastKnownFileType = file.storyboard; name = Base; path = Base.lproj/LaunchScreen.storyboard; sourceTree = "<group>"; };
		89AF4C461EDEFF680013A9F8 /* Info.plist */ = {isa = PBXFileReference; lastKnownFileType = text.plist.xml; path = Info.plist; sourceTree = "<group>"; };
		89AF4C4B1EDEFF680013A9F8 /* ScribeTests.xctest */ = {isa = PBXFileReference; explicitFileType = wrapper.cfbundle; includeInIndex = 0; path = ScribeTests.xctest; sourceTree = BUILT_PRODUCTS_DIR; };
		89AF4C4F1EDEFF680013A9F8 /* ScribeTests.swift */ = {isa = PBXFileReference; lastKnownFileType = sourcecode.swift; path = ScribeTests.swift; sourceTree = "<group>"; };
		89AF4C511EDEFF680013A9F8 /* Info.plist */ = {isa = PBXFileReference; lastKnownFileType = text.plist.xml; path = Info.plist; sourceTree = "<group>"; };
		89AF4C5D1EDF07A10013A9F8 /* CircleButton.swift */ = {isa = PBXFileReference; fileEncoding = 4; lastKnownFileType = sourcecode.swift; path = CircleButton.swift; sourceTree = "<group>"; };
		89AF4C601EDF0CDC0013A9F8 /* test.m4a */ = {isa = PBXFileReference; lastKnownFileType = file; path = test.m4a; sourceTree = "<group>"; };
/* End PBXFileReference section */

/* Begin PBXFrameworksBuildPhase section */
		89AF4C341EDEFF680013A9F8 /* Frameworks */ = {
			isa = PBXFrameworksBuildPhase;
			buildActionMask = 2147483647;
			files = (
			);
			runOnlyForDeploymentPostprocessing = 0;
		};
		89AF4C481EDEFF680013A9F8 /* Frameworks */ = {
			isa = PBXFrameworksBuildPhase;
			buildActionMask = 2147483647;
			files = (
			);
			runOnlyForDeploymentPostprocessing = 0;
		};
/* End PBXFrameworksBuildPhase section */

/* Begin PBXGroup section */
		89AF4C2E1EDEFF680013A9F8 = {
			isa = PBXGroup;
			children = (
				89AF4C391EDEFF680013A9F8 /* Scribe */,
				89AF4C4E1EDEFF680013A9F8 /* ScribeTests */,
				89AF4C381EDEFF680013A9F8 /* Products */,
			);
			sourceTree = "<group>";
		};
		89AF4C381EDEFF680013A9F8 /* Products */ = {
			isa = PBXGroup;
			children = (
				89AF4C371EDEFF680013A9F8 /* Scribe.app */,
				89AF4C4B1EDEFF680013A9F8 /* ScribeTests.xctest */,
			);
			name = Products;
			sourceTree = "<group>";
		};
		89AF4C391EDEFF680013A9F8 /* Scribe */ = {
			isa = PBXGroup;
			children = (
				89AF4C5A1EDF072E0013A9F8 /* Model */,
				89AF4C5B1EDF073B0013A9F8 /* View */,
				89AF4C5C1EDF07430013A9F8 /* Controller */,
				89AF4C5F1EDF0CB90013A9F8 /* Resources */,
				89AF4C3A1EDEFF680013A9F8 /* AppDelegate.swift */,
				89AF4C3E1EDEFF680013A9F8 /* Main.storyboard */,
				89AF4C411EDEFF680013A9F8 /* Assets.xcassets */,
				89AF4C431EDEFF680013A9F8 /* LaunchScreen.storyboard */,
				89AF4C461EDEFF680013A9F8 /* Info.plist */,
			);
			path = Scribe;
			sourceTree = "<group>";
		};
		89AF4C4E1EDEFF680013A9F8 /* ScribeTests */ = {
			isa = PBXGroup;
			children = (
				89AF4C4F1EDEFF680013A9F8 /* ScribeTests.swift */,
				89AF4C511EDEFF680013A9F8 /* Info.plist */,
			);
			path = ScribeTests;
			sourceTree = "<group>";
		};
		89AF4C5A1EDF072E0013A9F8 /* Model */ = {
			isa = PBXGroup;
			children = (
			);
			name = Model;
			sourceTree = "<group>";
		};
		89AF4C5B1EDF073B0013A9F8 /* View */ = {
			isa = PBXGroup;
			children = (
				89AF4C5D1EDF07A10013A9F8 /* CircleButton.swift */,
			);
			name = View;
			sourceTree = "<group>";
		};
		89AF4C5C1EDF07430013A9F8 /* Controller */ = {
			isa = PBXGroup;
			children = (
				89AF4C3C1EDEFF680013A9F8 /* ViewController.swift */,
			);
			name = Controller;
			sourceTree = "<group>";
		};
		89AF4C5F1EDF0CB90013A9F8 /* Resources */ = {
			isa = PBXGroup;
			children = (
				89AF4C601EDF0CDC0013A9F8 /* test.m4a */,
			);
			name = Resources;
			sourceTree = "<group>";
		};
/* End PBXGroup section */

/* Begin PBXNativeTarget section */
		89AF4C361EDEFF680013A9F8 /* Scribe */ = {
			isa = PBXNativeTarget;
			buildConfigurationList = 89AF4C541EDEFF680013A9F8 /* Build configuration list for PBXNativeTarget "Scribe" */;
			buildPhases = (
				89AF4C331EDEFF680013A9F8 /* Sources */,
				89AF4C341EDEFF680013A9F8 /* Frameworks */,
				89AF4C351EDEFF680013A9F8 /* Resources */,
			);
			buildRules = (
			);
			dependencies = (
			);
			name = Scribe;
			productName = Scribe;
			productReference = 89AF4C371EDEFF680013A9F8 /* Scribe.app */;
			productType = "com.apple.product-type.application";
		};
		89AF4C4A1EDEFF680013A9F8 /* ScribeTests */ = {
			isa = PBXNativeTarget;
			buildConfigurationList = 89AF4C571EDEFF680013A9F8 /* Build configuration list for PBXNativeTarget "ScribeTests" */;
			buildPhases = (
				89AF4C471EDEFF680013A9F8 /* Sources */,
				89AF4C481EDEFF680013A9F8 /* Frameworks */,
				89AF4C491EDEFF680013A9F8 /* Resources */,
			);
			buildRules = (
			);
			dependencies = (
				89AF4C4D1EDEFF680013A9F8 /* PBXTargetDependency */,
			);
			name = ScribeTests;
			productName = ScribeTests;
			productReference = 89AF4C4B1EDEFF680013A9F8 /* ScribeTests.xctest */;
			productType = "com.apple.product-type.bundle.unit-test";
		};
/* End PBXNativeTarget section */

/* Begin PBXProject section */
		89AF4C2F1EDEFF680013A9F8 /* Project object */ = {
			isa = PBXProject;
			attributes = {
				LastSwiftUpdateCheck = 0830;
				LastUpgradeCheck = 0830;
				ORGANIZATIONNAME = "Jeff Ripke";
				TargetAttributes = {
					89AF4C361EDEFF680013A9F8 = {
						CreatedOnToolsVersion = 8.3.2;
						DevelopmentTeam = 997RL2KYD9;
						ProvisioningStyle = Automatic;
					};
					89AF4C4A1EDEFF680013A9F8 = {
						CreatedOnToolsVersion = 8.3.2;
						DevelopmentTeam = 997RL2KYD9;
						ProvisioningStyle = Automatic;
						TestTargetID = 89AF4C361EDEFF680013A9F8;
					};
				};
			};
			buildConfigurationList = 89AF4C321EDEFF680013A9F8 /* Build configuration list for PBXProject "Scribe" */;
			compatibilityVersion = "Xcode 3.2";
			developmentRegion = English;
			hasScannedForEncodings = 0;
			knownRegions = (
				en,
				Base,
			);
			mainGroup = 89AF4C2E1EDEFF680013A9F8;
			productRefGroup = 89AF4C381EDEFF680013A9F8 /* Products */;
			projectDirPath = "";
			projectRoot = "";
			targets = (
				89AF4C361EDEFF680013A9F8 /* Scribe */,
				89AF4C4A1EDEFF680013A9F8 /* ScribeTests */,
			);
		};
/* End PBXProject section */

/* Begin PBXResourcesBuildPhase section */
		89AF4C351EDEFF680013A9F8 /* Resources */ = {
			isa = PBXResourcesBuildPhase;
			buildActionMask = 2147483647;
			files = (
				89AF4C611EDF0CDC0013A9F8 /* test.m4a in Resources */,
				89AF4C451EDEFF680013A9F8 /* LaunchScreen.storyboard in Resources */,
				89AF4C421EDEFF680013A9F8 /* Assets.xcassets in Resources */,
				89AF4C401EDEFF680013A9F8 /* Main.storyboard in Resources */,
			);
			runOnlyForDeploymentPostprocessing = 0;
		};
		89AF4C491EDEFF680013A9F8 /* Resources */ = {
			isa = PBXResourcesBuildPhase;
			buildActionMask = 2147483647;
			files = (
			);
			runOnlyForDeploymentPostprocessing = 0;
		};
/* End PBXResourcesBuildPhase section */

/* Begin PBXSourcesBuildPhase section */
		89AF4C331EDEFF680013A9F8 /* Sources */ = {
			isa = PBXSourcesBuildPhase;
			buildActionMask = 2147483647;
			files = (
				89AF4C5E1EDF07A10013A9F8 /* CircleButton.swift in Sources */,
				89AF4C3D1EDEFF680013A9F8 /* ViewController.swift in Sources */,
				89AF4C3B1EDEFF680013A9F8 /* AppDelegate.swift in Sources */,
			);
			runOnlyForDeploymentPostprocessing = 0;
		};
		89AF4C471EDEFF680013A9F8 /* Sources */ = {
			isa = PBXSourcesBuildPhase;
			buildActionMask = 2147483647;
			files = (
				89AF4C501EDEFF680013A9F8 /* ScribeTests.swift in Sources */,
			);
			runOnlyForDeploymentPostprocessing = 0;
		};
/* End PBXSourcesBuildPhase section */

/* Begin PBXTargetDependency section */
		89AF4C4D1EDEFF680013A9F8 /* PBXTargetDependency */ = {
			isa = PBXTargetDependency;
			target = 89AF4C361EDEFF680013A9F8 /* Scribe */;
			targetProxy = 89AF4C4C1EDEFF680013A9F8 /* PBXContainerItemProxy */;
		};
/* End PBXTargetDependency section */

/* Begin PBXVariantGroup section */
		89AF4C3E1EDEFF680013A9F8 /* Main.storyboard */ = {
			isa = PBXVariantGroup;
			children = (
				89AF4C3F1EDEFF680013A9F8 /* Base */,
			);
			name = Main.storyboard;
			sourceTree = "<group>";
		};
		89AF4C431EDEFF680013A9F8 /* LaunchScreen.storyboard */ = {
			isa = PBXVariantGroup;
			children = (
				89AF4C441EDEFF680013A9F8 /* Base */,
			);
			name = LaunchScreen.storyboard;
			sourceTree = "<group>";
		};
/* End PBXVariantGroup section */

/* Begin XCBuildConfiguration section */
		89AF4C521EDEFF680013A9F8 /* Debug */ = {
			isa = XCBuildConfiguration;
			buildSettings = {
				ALWAYS_SEARCH_USER_PATHS = NO;
				CLANG_ANALYZER_NONNULL = YES;
				CLANG_ANALYZER_NUMBER_OBJECT_CONVERSION = YES_AGGRESSIVE;
				CLANG_CXX_LANGUAGE_STANDARD = "gnu++0x";
				CLANG_CXX_LIBRARY = "libc++";
				CLANG_ENABLE_MODULES = YES;
				CLANG_ENABLE_OBJC_ARC = YES;
				CLANG_WARN_BOOL_CONVERSION = YES;
				CLANG_WARN_CONSTANT_CONVERSION = YES;
				CLANG_WARN_DIRECT_OBJC_ISA_USAGE = YES_ERROR;
				CLANG_WARN_DOCUMENTATION_COMMENTS = YES;
				CLANG_WARN_EMPTY_BODY = YES;
				CLANG_WARN_ENUM_CONVERSION = YES;
				CLANG_WARN_INFINITE_RECURSION = YES;
				CLANG_WARN_INT_CONVERSION = YES;
				CLANG_WARN_OBJC_ROOT_CLASS = YES_ERROR;
				CLANG_WARN_SUSPICIOUS_MOVE = YES;
				CLANG_WARN_UNREACHABLE_CODE = YES;
				CLANG_WARN__DUPLICATE_METHOD_MATCH = YES;
				"CODE_SIGN_IDENTITY[sdk=iphoneos*]" = "iPhone Developer";
				COPY_PHASE_STRIP = NO;
				DEBUG_INFORMATION_FORMAT = dwarf;
				ENABLE_STRICT_OBJC_MSGSEND = YES;
				ENABLE_TESTABILITY = YES;
				GCC_C_LANGUAGE_STANDARD = gnu99;
				GCC_DYNAMIC_NO_PIC = NO;
				GCC_NO_COMMON_BLOCKS = YES;
				GCC_OPTIMIZATION_LEVEL = 0;
				GCC_PREPROCESSOR_DEFINITIONS = (
					"DEBUG=1",
					"$(inherited)",
				);
				GCC_WARN_64_TO_32_BIT_CONVERSION = YES;
				GCC_WARN_ABOUT_RETURN_TYPE = YES_ERROR;
				GCC_WARN_UNDECLARED_SELECTOR = YES;
				GCC_WARN_UNINITIALIZED_AUTOS = YES_AGGRESSIVE;
				GCC_WARN_UNUSED_FUNCTION = YES;
				GCC_WARN_UNUSED_VARIABLE = YES;
				IPHONEOS_DEPLOYMENT_TARGET = 10.3;
				MTL_ENABLE_DEBUG_INFO = YES;
				ONLY_ACTIVE_ARCH = YES;
				SDKROOT = iphoneos;
				SWIFT_ACTIVE_COMPILATION_CONDITIONS = DEBUG;
				SWIFT_OPTIMIZATION_LEVEL = "-Onone";
			};
			name = Debug;
		};
		89AF4C531EDEFF680013A9F8 /* Release */ = {
			isa = XCBuildConfiguration;
			buildSettings = {
				ALWAYS_SEARCH_USER_PATHS = NO;
				CLANG_ANALYZER_NONNULL = YES;
				CLANG_ANALYZER_NUMBER_OBJECT_CONVERSION = YES_AGGRESSIVE;
				CLANG_CXX_LANGUAGE_STANDARD = "gnu++0x";
				CLANG_CXX_LIBRARY = "libc++";
				CLANG_ENABLE_MODULES = YES;
				CLANG_ENABLE_OBJC_ARC = YES;
				CLANG_WARN_BOOL_CONVERSION = YES;
				CLANG_WARN_CONSTANT_CONVERSION = YES;
				CLANG_WARN_DIRECT_OBJC_ISA_USAGE = YES_ERROR;
				CLANG_WARN_DOCUMENTATION_COMMENTS = YES;
				CLANG_WARN_EMPTY_BODY = YES;
				CLANG_WARN_ENUM_CONVERSION = YES;
				CLANG_WARN_INFINITE_RECURSION = YES;
				CLANG_WARN_INT_CONVERSION = YES;
				CLANG_WARN_OBJC_ROOT_CLASS = YES_ERROR;
				CLANG_WARN_SUSPICIOUS_MOVE = YES;
				CLANG_WARN_UNREACHABLE_CODE = YES;
				CLANG_WARN__DUPLICATE_METHOD_MATCH = YES;
				"CODE_SIGN_IDENTITY[sdk=iphoneos*]" = "iPhone Developer";
				COPY_PHASE_STRIP = NO;
				DEBUG_INFORMATION_FORMAT = "dwarf-with-dsym";
				ENABLE_NS_ASSERTIONS = NO;
				ENABLE_STRICT_OBJC_MSGSEND = YES;
				GCC_C_LANGUAGE_STANDARD = gnu99;
				GCC_NO_COMMON_BLOCKS = YES;
				GCC_WARN_64_TO_32_BIT_CONVERSION = YES;
				GCC_WARN_ABOUT_RETURN_TYPE = YES_ERROR;
				GCC_WARN_UNDECLARED_SELECTOR = YES;
				GCC_WARN_UNINITIALIZED_AUTOS = YES_AGGRESSIVE;
				GCC_WARN_UNUSED_FUNCTION = YES;
				GCC_WARN_UNUSED_VARIABLE = YES;
				IPHONEOS_DEPLOYMENT_TARGET = 10.3;
				MTL_ENABLE_DEBUG_INFO = NO;
				SDKROOT = iphoneos;
				SWIFT_OPTIMIZATION_LEVEL = "-Owholemodule";
				VALIDATE_PRODUCT = YES;
			};
			name = Release;
		};
		89AF4C551EDEFF680013A9F8 /* Debug */ = {
			isa = XCBuildConfiguration;
			buildSettings = {
				ASSETCATALOG_COMPILER_APPICON_NAME = AppIcon;
				DEVELOPMENT_TEAM = 997RL2KYD9;
				INFOPLIST_FILE = Scribe/Info.plist;
				LD_RUNPATH_SEARCH_PATHS = "$(inherited) @executable_path/Frameworks";
				PRODUCT_BUNDLE_IDENTIFIER = com.jeffripke.Scribe;
				PRODUCT_NAME = "$(TARGET_NAME)";
				SWIFT_VERSION = 3.0;
			};
			name = Debug;
		};
		89AF4C561EDEFF680013A9F8 /* Release */ = {
			isa = XCBuildConfiguration;
			buildSettings = {
				ASSETCATALOG_COMPILER_APPICON_NAME = AppIcon;
				DEVELOPMENT_TEAM = 997RL2KYD9;
				INFOPLIST_FILE = Scribe/Info.plist;
				LD_RUNPATH_SEARCH_PATHS = "$(inherited) @executable_path/Frameworks";
				PRODUCT_BUNDLE_IDENTIFIER = com.jeffripke.Scribe;
				PRODUCT_NAME = "$(TARGET_NAME)";
				SWIFT_VERSION = 3.0;
			};
			name = Release;
		};
		89AF4C581EDEFF680013A9F8 /* Debug */ = {
			isa = XCBuildConfiguration;
			buildSettings = {
				ALWAYS_EMBED_SWIFT_STANDARD_LIBRARIES = YES;
				BUNDLE_LOADER = "$(TEST_HOST)";
				DEVELOPMENT_TEAM = 997RL2KYD9;
				INFOPLIST_FILE = ScribeTests/Info.plist;
				LD_RUNPATH_SEARCH_PATHS = "$(inherited) @executable_path/Frameworks @loader_path/Frameworks";
				PRODUCT_BUNDLE_IDENTIFIER = com.jeffripke.ScribeTests;
				PRODUCT_NAME = "$(TARGET_NAME)";
				SWIFT_VERSION = 3.0;
				TEST_HOST = "$(BUILT_PRODUCTS_DIR)/Scribe.app/Scribe";
			};
			name = Debug;
		};
		89AF4C591EDEFF680013A9F8 /* Release */ = {
			isa = XCBuildConfiguration;
			buildSettings = {
				ALWAYS_EMBED_SWIFT_STANDARD_LIBRARIES = YES;
				BUNDLE_LOADER = "$(TEST_HOST)";
				DEVELOPMENT_TEAM = 997RL2KYD9;
				INFOPLIST_FILE = ScribeTests/Info.plist;
				LD_RUNPATH_SEARCH_PATHS = "$(inherited) @executable_path/Frameworks @loader_path/Frameworks";
				PRODUCT_BUNDLE_IDENTIFIER = com.jeffripke.ScribeTests;
				PRODUCT_NAME = "$(TARGET_NAME)";
				SWIFT_VERSION = 3.0;
				TEST_HOST = "$(BUILT_PRODUCTS_DIR)/Scribe.app/Scribe";
			};
			name = Release;
		};
/* End XCBuildConfiguration section */

/* Begin XCConfigurationList section */
		89AF4C321EDEFF680013A9F8 /* Build configuration list for PBXProject "Scribe" */ = {
			isa = XCConfigurationList;
			buildConfigurations = (
				89AF4C521EDEFF680013A9F8 /* Debug */,
				89AF4C531EDEFF680013A9F8 /* Release */,
			);
			defaultConfigurationIsVisible = 0;
			defaultConfigurationName = Release;
		};
		89AF4C541EDEFF680013A9F8 /* Build configuration list for PBXNativeTarget "Scribe" */ = {
			isa = XCConfigurationList;
			buildConfigurations = (
				89AF4C551EDEFF680013A9F8 /* Debug */,
				89AF4C561EDEFF680013A9F8 /* Release */,
			);
			defaultConfigurationIsVisible = 0;
		};
		89AF4C571EDEFF680013A9F8 /* Build configuration list for PBXNativeTarget "ScribeTests" */ = {
			isa = XCConfigurationList;
			buildConfigurations = (
				89AF4C581EDEFF680013A9F8 /* Debug */,
				89AF4C591EDEFF680013A9F8 /* Release */,
			);
			defaultConfigurationIsVisible = 0;
		};
/* End XCConfigurationList section */
	};
	rootObject = 89AF4C2F1EDEFF680013A9F8 /* Project object */;
}
